
Microsoft Visual Studio Solution File, Format Version 12.00
# Visual Studio Version 17
VisualStudioVersion = 17.7.34221.43
MinimumVisualStudioVersion = 10.0.40219.1
Project("{9A19103F-16F7-4668-BE54-9A1E7A4F7556}") = "Blockovator", "Blockovator.csproj", "{33EB548D-C2D8-4CB4-8552-77F23F3F2974}"
EndProject
Project("{54435603-DBB4-11D2-8724-00A0C9A8B90C}") = "BlockovatorSetup", "..\BlockovatorSetup\BlockovatorSetup.vdproj", "{E861C490-379F-4559-BCB6-B9176A57AC77}"
EndProject
Global
	GlobalSection(SolutionConfigurationPlatforms) = preSolution
		Debug|Any CPU = Debug|Any CPU
		Release|Any CPU = Release|Any CPU
	EndGlobalSection
	GlobalSection(ProjectConfigurationPlatforms) = postSolution
		{33EB548D-C2D8-4CB4-8552-77F23F3F2974}.Debug|Any CPU.ActiveCfg = Release|Any CPU
		{33EB548D-C2D8-4CB4-8552-77F23F3F2974}.Debug|Any CPU.Build.0 = Release|Any CPU
		{33EB548D-C2D8-4CB4-8552-77F23F3F2974}.Release|Any CPU.ActiveCfg = Release|Any CPU
		{33EB548D-C2D8-4CB4-8552-77F23F3F2974}.Release|Any CPU.Build.0 = Release|Any CPU
		{E861C490-379F-4559-BCB6-B9176A57AC77}.Debug|Any CPU.ActiveCfg = Release
		{E861C490-379F-4559-BCB6-B9176A57AC77}.Release|Any CPU.ActiveCfg = Release
	EndGlobalSection
	GlobalSection(SolutionProperties) = preSolution
		HideSolutionNode = FALSE
	EndGlobalSection
	GlobalSection(ExtensibilityGlobals) = postSolution
		SolutionGuid = {D7A16283-F333-4EC9-897F-2C0EA5ED3DBD}
	EndGlobalSection
EndGlobal
